
Microsoft Visual Studio Solution File, Format Version 12.00
# Visual Studio Version 17
VisualStudioVersion = 17.4.33110.190
MinimumVisualStudioVersion = 10.0.40219.1
Project("{FAE04EC0-301F-11D3-BF4B-00C04F79EFBC}") = "trex_Najam_Mshahid_BilalKhalil", "trexRunningGame\trex_Najam_Mshahid_BilalKhalil.csproj", "{2FFB3AA2-3D1C-4F1A-8C67-00D6FADC3E22}"
EndProject
Global
	GlobalSection(SolutionConfigurationPlatforms) = preSolution
		Debug|Any CPU = Debug|Any CPU
		Release|Any CPU = Release|Any CPU
	EndGlobalSection
	GlobalSection(ProjectConfigurationPlatforms) = postSolution
		{2FFB3AA2-3D1C-4F1A-8C67-00D6FADC3E22}.Debug|Any CPU.ActiveCfg = Debug|Any CPU
		{2FFB3AA2-3D1C-4F1A-8C67-00D6FADC3E22}.Debug|Any CPU.Build.0 = Debug|Any CPU
		{2FFB3AA2-3D1C-4F1A-8C67-00D6FADC3E22}.Release|Any CPU.ActiveCfg = Release|Any CPU
		{2FFB3AA2-3D1C-4F1A-8C67-00D6FADC3E22}.Release|Any CPU.Build.0 = Release|Any CPU
	EndGlobalSection
	GlobalSection(SolutionProperties) = preSolution
		HideSolutionNode = FALSE
	EndGlobalSection
	GlobalSection(ExtensibilityGlobals) = postSolution
		SolutionGuid = {6AEB0D37-7616-4C3D-BCB3-F1059E2E7E03}
	EndGlobalSection
EndGlobal
